hash: 1b25e45c33a1a8a0afd97c2b43e30882e6fcd7f0eb82a136896a0fdbc30adf62
updated: 2016-07-18T13:42:52.394214824-07:00
imports:
- name: github.com/docker/docker
  version: e7b96102ff4df9209ca721e13f8f088d4da4c734
  subpackages:
  - opts
  - pkg/archive
  - pkg/fileutils
  - pkg/homedir
  - pkg/stdcopy
  - pkg/idtools
  - pkg/ioutils
  - pkg/pools
  - pkg/promise
  - pkg/system
  - pkg/longpath
- name: github.com/docker/engine-api
  version: d505506c67611e8364526339452c20d6d0babcf6
  subpackages:
  - types/filters
  - types/versions
- name: github.com/docker/go-units
  version: f2d77a61e3c169b43402a0a1e84f06daf29b8190
- name: github.com/fsouza/go-dockerclient
  version: 7016ebb677d6f6adda52034309c0c9c75b69bc6b
- name: github.com/gliderlabs/logspout
  version: a415f5d090c9a5ffd004cbbee61da9466e3077be
  subpackages:
  - adapters/raw
  - adapters/syslog
  - httpstream
  - router
  - routesapi
  - transports/tcp
  - transports/tls
  - transports/udp
- name: github.com/gorilla/context
  version: aed02d124ae4a0e94fea4541c8effd05bf0c8296
- name: github.com/gorilla/mux
  version: d391bea3118c9fc17a88d62c9189bb791255e0ef
- name: github.com/hashicorp/go-cleanhttp
  version: ad28ea4487f05916463e2423a55166280e8254b5
- name: github.com/opencontainers/runc
  version: a0dccbd1749cf15c38e6c3e6560e16bdc7c5d039
  subpackages:
  - libcontainer/user
- name: github.com/Sirupsen/logrus
  version: a283a10442df8dc09befd873fab202bf8a253d6a
- name: golang.org/x/net
  version: 3797cd8864994d713d909eda5e61ede8683fdc12
  subpackages:
  - websocket
  - context
- name: golang.org/x/sys
  version: a646d33e2ee3172a661fc09bca23bb4889a41bc8
  subpackages:
  - unix
devImports: []
